
Microsoft Visual Studio Solution File, Format Version 12.00
# Visual Studio Version 16
VisualStudioVersion = 16.0.32106.194
MinimumVisualStudioVersion = 10.0.40219.1
Project("{FAE04EC0-301F-11D3-BF4B-00C04F79EFBC}") = "Calculadora", "Calculadora\Calculadora.csproj", "{4D387061-8F15-4232-8C41-E9A829A9164D}"
EndProject
Project("{FAE04EC0-301F-11D3-BF4B-00C04F79EFBC}") = "TesteCaulculadora", "TesteCaulculadora\TesteCaulculadora.csproj", "{707C3D74-82BC-4F97-B4F6-3CD1DCDDD0A5}"
EndProject
Global
	GlobalSection(SolutionConfigurationPlatforms) = preSolution
		Debug|Any CPU = Debug|Any CPU
		Release|Any CPU = Release|Any CPU
	EndGlobalSection
	GlobalSection(ProjectConfigurationPlatforms) = postSolution
		{4D387061-8F15-4232-8C41-E9A829A9164D}.Debug|Any CPU.ActiveCfg = Debug|Any CPU
		{4D387061-8F15-4232-8C41-E9A829A9164D}.Debug|Any CPU.Build.0 = Debug|Any CPU
		{4D387061-8F15-4232-8C41-E9A829A9164D}.Release|Any CPU.ActiveCfg = Release|Any CPU
		{4D387061-8F15-4232-8C41-E9A829A9164D}.Release|Any CPU.Build.0 = Release|Any CPU
		{707C3D74-82BC-4F97-B4F6-3CD1DCDDD0A5}.Debug|Any CPU.ActiveCfg = Debug|Any CPU
		{707C3D74-82BC-4F97-B4F6-3CD1DCDDD0A5}.Debug|Any CPU.Build.0 = Debug|Any CPU
		{707C3D74-82BC-4F97-B4F6-3CD1DCDDD0A5}.Release|Any CPU.ActiveCfg = Release|Any CPU
		{707C3D74-82BC-4F97-B4F6-3CD1DCDDD0A5}.Release|Any CPU.Build.0 = Release|Any CPU
	EndGlobalSection
	GlobalSection(SolutionProperties) = preSolution
		HideSolutionNode = FALSE
	EndGlobalSection
	GlobalSection(ExtensibilityGlobals) = postSolution
		SolutionGuid = {5BC51189-C7F3-47BC-AAC1-B5D192C31704}
	EndGlobalSection
EndGlobal
